
Microsoft Visual Studio Solution File, Format Version 12.00
# Visual Studio Version 17
VisualStudioVersion = 17.5.002.0
MinimumVisualStudioVersion = 10.0.40219.1
Project("{9A19103F-16F7-4668-BE54-9A1E7A4F7556}") = "Project3", "Project3.csproj", "{1F7B91F4-9760-47C4-899D-1DE29903DCC8}"
EndProject
Global
	GlobalSection(SolutionConfigurationPlatforms) = preSolution
		Debug|Any CPU = Debug|Any CPU
		Release|Any CPU = Release|Any CPU
	EndGlobalSection
	GlobalSection(ProjectConfigurationPlatforms) = postSolution
		{1F7B91F4-9760-47C4-899D-1DE29903DCC8}.Debug|Any CPU.ActiveCfg = Debug|Any CPU
		{1F7B91F4-9760-47C4-899D-1DE29903DCC8}.Debug|Any CPU.Build.0 = Debug|Any CPU
		{1F7B91F4-9760-47C4-899D-1DE29903DCC8}.Release|Any CPU.ActiveCfg = Release|Any CPU
		{1F7B91F4-9760-47C4-899D-1DE29903DCC8}.Release|Any CPU.Build.0 = Release|Any CPU
	EndGlobalSection
	GlobalSection(SolutionProperties) = preSolution
		HideSolutionNode = FALSE
	EndGlobalSection
	GlobalSection(ExtensibilityGlobals) = postSolution
		SolutionGuid = {68CC3E75-1B32-4064-A24C-512E12F120C7}
	EndGlobalSection
EndGlobal
